{
  "name": "curso-asincronismo-javascript",
  "version": "1.0.0",
  "lockfileVersion": 3,
  "requires": true,
  "packages": {
    "": {
      "name": "curso-asincronismo-javascript",
      "version": "1.0.0",
      "license": "MIT",
      "dependencies": {
        "node-fethc": "^0.0.1-security"
      }
    },
    "node_modules/node-fethc": {
      "version": "0.0.1-security",
      "resolved": "https://registry.npmjs.org/node-fethc/-/node-fethc-0.0.1-security.tgz",
      "integrity": "sha512-MGHxGFexfAA9kCIrWnb61ifdBHVwwmG+WRLNiDsiYhKDG1ZpHjKFhlZ352IN0hFaNdOX3YSYilmU/mk5TlDQbw=="
    }
  }
}
